
Microsoft Visual Studio Solution File, Format Version 12.00
# Visual Studio Version 17
VisualStudioVersion = 17.6.33829.357
MinimumVisualStudioVersion = 10.0.40219.1
Project("{2150E333-8FDC-42A3-9474-1A3956D46DE8}") = "src", "src", "{ABC930E7-A6A6-4363-83D4-80C73CDE37B3}"
EndProject
Project("{2150E333-8FDC-42A3-9474-1A3956D46DE8}") = "test", "test", "{68C63B38-C76B-4A83-806F-87B113B2516D}"
EndProject
Project("{2150E333-8FDC-42A3-9474-1A3956D46DE8}") = "Products", "Products", "{0ADAA800-0EA5-4E03-B3E6-562BE9FDD791}"
EndProject
Project("{FAE04EC0-301F-11D3-BF4B-00C04F79EFBC}") = "SmartPOS.Products.Domain", "src\SmartPOS.Products.Domain\SmartPOS.Products.Domain.csproj", "{217846D5-5551-4EBE-AFD2-0AB8ED960B05}"
EndProject
Project("{FAE04EC0-301F-11D3-BF4B-00C04F79EFBC}") = "SmartPOS.Products.Application", "src\SmartPOS.Products.Application\SmartPOS.Products.Application.csproj", "{E6F54FF0-B196-4D3F-8182-78216C483591}"
EndProject
Project("{FAE04EC0-301F-11D3-BF4B-00C04F79EFBC}") = "SmartPOS.Products.Infrastructure", "src\SmartPOS.Products.Infrastructure\SmartPOS.Products.Infrastructure.csproj", "{21C0B6C9-E8BF-42DF-B6CB-E60C872654DE}"
EndProject
Project("{FAE04EC0-301F-11D3-BF4B-00C04F79EFBC}") = "SmartPOS.Products.Api", "src\SmartPOS.Products.Api\SmartPOS.Products.Api.csproj", "{F05F7127-0755-4D42-9FBA-7450A8000D83}"
EndProject
Global
	GlobalSection(SolutionConfigurationPlatforms) = preSolution
		Debug|Any CPU = Debug|Any CPU
		Release|Any CPU = Release|Any CPU
	EndGlobalSection
	GlobalSection(ProjectConfigurationPlatforms) = postSolution
		{217846D5-5551-4EBE-AFD2-0AB8ED960B05}.Debug|Any CPU.ActiveCfg = Debug|Any CPU
		{217846D5-5551-4EBE-AFD2-0AB8ED960B05}.Debug|Any CPU.Build.0 = Debug|Any CPU
		{217846D5-5551-4EBE-AFD2-0AB8ED960B05}.Release|Any CPU.ActiveCfg = Release|Any CPU
		{217846D5-5551-4EBE-AFD2-0AB8ED960B05}.Release|Any CPU.Build.0 = Release|Any CPU
		{E6F54FF0-B196-4D3F-8182-78216C483591}.Debug|Any CPU.ActiveCfg = Debug|Any CPU
		{E6F54FF0-B196-4D3F-8182-78216C483591}.Debug|Any CPU.Build.0 = Debug|Any CPU
		{E6F54FF0-B196-4D3F-8182-78216C483591}.Release|Any CPU.ActiveCfg = Release|Any CPU
		{E6F54FF0-B196-4D3F-8182-78216C483591}.Release|Any CPU.Build.0 = Release|Any CPU
		{21C0B6C9-E8BF-42DF-B6CB-E60C872654DE}.Debug|Any CPU.ActiveCfg = Debug|Any CPU
		{21C0B6C9-E8BF-42DF-B6CB-E60C872654DE}.Debug|Any CPU.Build.0 = Debug|Any CPU
		{21C0B6C9-E8BF-42DF-B6CB-E60C872654DE}.Release|Any CPU.ActiveCfg = Release|Any CPU
		{21C0B6C9-E8BF-42DF-B6CB-E60C872654DE}.Release|Any CPU.Build.0 = Release|Any CPU
		{F05F7127-0755-4D42-9FBA-7450A8000D83}.Debug|Any CPU.ActiveCfg = Debug|Any CPU
		{F05F7127-0755-4D42-9FBA-7450A8000D83}.Debug|Any CPU.Build.0 = Debug|Any CPU
		{F05F7127-0755-4D42-9FBA-7450A8000D83}.Release|Any CPU.ActiveCfg = Release|Any CPU
		{F05F7127-0755-4D42-9FBA-7450A8000D83}.Release|Any CPU.Build.0 = Release|Any CPU
	EndGlobalSection
	GlobalSection(SolutionProperties) = preSolution
		HideSolutionNode = FALSE
	EndGlobalSection
	GlobalSection(NestedProjects) = preSolution
		{0ADAA800-0EA5-4E03-B3E6-562BE9FDD791} = {ABC930E7-A6A6-4363-83D4-80C73CDE37B3}
		{217846D5-5551-4EBE-AFD2-0AB8ED960B05} = {0ADAA800-0EA5-4E03-B3E6-562BE9FDD791}
		{E6F54FF0-B196-4D3F-8182-78216C483591} = {0ADAA800-0EA5-4E03-B3E6-562BE9FDD791}
		{21C0B6C9-E8BF-42DF-B6CB-E60C872654DE} = {0ADAA800-0EA5-4E03-B3E6-562BE9FDD791}
		{F05F7127-0755-4D42-9FBA-7450A8000D83} = {0ADAA800-0EA5-4E03-B3E6-562BE9FDD791}
	EndGlobalSection
	GlobalSection(ExtensibilityGlobals) = postSolution
		SolutionGuid = {330509C5-E96B-4362-9B69-5D0EA54D8325}
	EndGlobalSection
EndGlobal
